{
  "name": "floodrussia",
  "version": "1.0.0",
  "lockfileVersion": 2,
  "requires": true,
  "packages": {
    "": {
      "name": "floodrussia",
      "version": "1.0.0",
      "license": "ISC",
      "dependencies": {
        "node-fetch": "2.0",
        "text-table": "^0.2.0"
      }
    },
    "node_modules/node-fetch": {
      "version": "2.0.0",
      "resolved": "https://registry.npmjs.org/node-fetch/-/node-fetch-2.0.0.tgz",
      "integrity": "sha1-mCu6Q+zU8pIqKcwYamu7C7c/y6Y=",
      "engines": {
        "node": "4.x || >=6.0.0"
      }
    },
    "node_modules/text-table": {
      "version": "0.2.0",
      "resolved": "https://registry.npmjs.org/text-table/-/text-table-0.2.0.tgz",
      "integrity": "sha1-f17oI66AUgfACvLfSoTsP8+lcLQ="
    }
  },
  "dependencies": {
    "node-fetch": {
      "version": "2.0.0",
      "resolved": "https://registry.npmjs.org/node-fetch/-/node-fetch-2.0.0.tgz",
      "integrity": "sha1-mCu6Q+zU8pIqKcwYamu7C7c/y6Y="
    },
    "text-table": {
      "version": "0.2.0",
      "resolved": "https://registry.npmjs.org/text-table/-/text-table-0.2.0.tgz",
      "integrity": "sha1-f17oI66AUgfACvLfSoTsP8+lcLQ="
    }
  }
}
